
Microsoft Visual Studio Solution File, Format Version 12.00
# Visual Studio Version 17
VisualStudioVersion = 17.9.34622.214
MinimumVisualStudioVersion = 10.0.40219.1
Project("{FAE04EC0-301F-11D3-BF4B-00C04F79EFBC}") = "PhoneBook.Crud2", "PhoneBook.Crud2\PhoneBook.Crud2.csproj", "{2EFB2037-26E8-4390-819D-2A8B34D1319D}"
EndProject
Global
	GlobalSection(SolutionConfigurationPlatforms) = preSolution
		Debug|Any CPU = Debug|Any CPU
		Release|Any CPU = Release|Any CPU
	EndGlobalSection
	GlobalSection(ProjectConfigurationPlatforms) = postSolution
		{2EFB2037-26E8-4390-819D-2A8B34D1319D}.Debug|Any CPU.ActiveCfg = Debug|Any CPU
		{2EFB2037-26E8-4390-819D-2A8B34D1319D}.Debug|Any CPU.Build.0 = Debug|Any CPU
		{2EFB2037-26E8-4390-819D-2A8B34D1319D}.Release|Any CPU.ActiveCfg = Release|Any CPU
		{2EFB2037-26E8-4390-819D-2A8B34D1319D}.Release|Any CPU.Build.0 = Release|Any CPU
	EndGlobalSection
	GlobalSection(SolutionProperties) = preSolution
		HideSolutionNode = FALSE
	EndGlobalSection
	GlobalSection(ExtensibilityGlobals) = postSolution
		SolutionGuid = {73FC1E60-91E0-47F2-891F-2281368267F9}
	EndGlobalSection
EndGlobal
